
Microsoft Visual Studio Solution File, Format Version 12.00
# Visual Studio Version 16
VisualStudioVersion = 16.0.28531.58
MinimumVisualStudioVersion = 10.0.40219.1
Project("{FAE04EC0-301F-11D3-BF4B-00C04F79EFBC}") = "K2V.SamplePackage", "K2V.SamplePackage\K2V.SamplePackage.csproj", "{D2DA00B4-A037-48F9-BDD9-50E4E14BA295}"
EndProject
Project("{FAE04EC0-301F-11D3-BF4B-00C04F79EFBC}") = "K2V.SampleProject.Tests", "K2V.SampleProject.Tests\K2V.SampleProject.Tests.csproj", "{DCB1D82B-9EFE-4E2D-BFE7-493AAE1119B8}"
EndProject
Global
	GlobalSection(SolutionConfigurationPlatforms) = preSolution
		Debug|Any CPU = Debug|Any CPU
		Release|Any CPU = Release|Any CPU
	EndGlobalSection
	GlobalSection(ProjectConfigurationPlatforms) = postSolution
		{D2DA00B4-A037-48F9-BDD9-50E4E14BA295}.Debug|Any CPU.ActiveCfg = Debug|Any CPU
		{D2DA00B4-A037-48F9-BDD9-50E4E14BA295}.Debug|Any CPU.Build.0 = Debug|Any CPU
		{D2DA00B4-A037-48F9-BDD9-50E4E14BA295}.Release|Any CPU.ActiveCfg = Release|Any CPU
		{D2DA00B4-A037-48F9-BDD9-50E4E14BA295}.Release|Any CPU.Build.0 = Release|Any CPU
		{DCB1D82B-9EFE-4E2D-BFE7-493AAE1119B8}.Debug|Any CPU.ActiveCfg = Debug|Any CPU
		{DCB1D82B-9EFE-4E2D-BFE7-493AAE1119B8}.Debug|Any CPU.Build.0 = Debug|Any CPU
		{DCB1D82B-9EFE-4E2D-BFE7-493AAE1119B8}.Release|Any CPU.ActiveCfg = Release|Any CPU
		{DCB1D82B-9EFE-4E2D-BFE7-493AAE1119B8}.Release|Any CPU.Build.0 = Release|Any CPU
	EndGlobalSection
	GlobalSection(SolutionProperties) = preSolution
		HideSolutionNode = FALSE
	EndGlobalSection
	GlobalSection(ExtensibilityGlobals) = postSolution
		SolutionGuid = {8AFAE697-D661-4B9B-96E6-A62588A6AF73}
	EndGlobalSection
EndGlobal
